
Microsoft Visual Studio Solution File, Format Version 12.00
# Visual Studio Version 17
VisualStudioVersion = 17.14.36310.24
MinimumVisualStudioVersion = 10.0.40219.1
Project("{FAE04EC0-301F-11D3-BF4B-00C04F79EFBC}") = "V2XController", "V2XController\V2XController.csproj", "{53A184AA-9EFE-4852-9FE7-C2C929C557E6}"
EndProject
Global
	GlobalSection(SolutionConfigurationPlatforms) = preSolution
		Debug|Any CPU = Debug|Any CPU
		Release|Any CPU = Release|Any CPU
		V2XController-Debug|Any CPU = V2XController-Debug|Any CPU
	EndGlobalSection
	GlobalSection(ProjectConfigurationPlatforms) = postSolution
		{53A184AA-9EFE-4852-9FE7-C2C929C557E6}.Debug|Any CPU.ActiveCfg = Debug|Any CPU
		{53A184AA-9EFE-4852-9FE7-C2C929C557E6}.Debug|Any CPU.Build.0 = Debug|Any CPU
		{53A184AA-9EFE-4852-9FE7-C2C929C557E6}.Release|Any CPU.ActiveCfg = Release|Any CPU
		{53A184AA-9EFE-4852-9FE7-C2C929C557E6}.Release|Any CPU.Build.0 = Release|Any CPU
		{53A184AA-9EFE-4852-9FE7-C2C929C557E6}.V2XController-Debug|Any CPU.ActiveCfg = V2XController-Debug|Any CPU
		{53A184AA-9EFE-4852-9FE7-C2C929C557E6}.V2XController-Debug|Any CPU.Build.0 = V2XController-Debug|Any CPU
	EndGlobalSection
	GlobalSection(SolutionProperties) = preSolution
		HideSolutionNode = FALSE
	EndGlobalSection
	GlobalSection(ExtensibilityGlobals) = postSolution
		SolutionGuid = {ABB16469-4EA3-4FC6-8BCD-2537227A35D5}
	EndGlobalSection
EndGlobal
